{
  "name": "@shopapps/agent-memory",
  "version": "0.1.0",
  "lockfileVersion": 3,
  "requires": true,
  "packages": {
    "": {
      "name": "@shopapps/agent-memory",
      "version": "0.1.0",
      "license": "Apache-2.0",
      "bin": {
        "agent-memory": "bin/agent-memory.js"
      },
      "engines": {
        "node": ">=20"
      }
    }
  }
}
